{
  "version": 4,
  "terraform_version": "0.13.5",
  "serial": 452,
  "lineage": "1e4d4d7d-c5ce-f220-828a-86b7033960db",
  "outputs": {},
  "resources": [
    {
      "module": "module.droplet",
      "mode": "data",
      "type": "digitalocean_image",
      "name": "official",
      "provider": "provider[\"registry.terraform.io/digitalocean/digitalocean\"]",
      "instances": [
        {
          "index_key": 0,
          "schema_version": 0,
          "attributes": {
            "created": "2020-09-04T06:50:46Z",
            "description": "7.6 x64",
            "distribution": "CentOS",
            "error_message": "",
            "id": 69535713,
            "image": "69535713",
            "min_disk_size": 20,
            "name": "7.6 x64",
            "private": false,
            "regions": [
              "ams2",
              "ams3",
              "blr1",
              "fra1",
              "lon1",
              "nyc1",
              "nyc2",
              "nyc3",
              "sfo1",
              "sfo2",
              "sfo3",
              "sgp1",
              "tor1"
            ],
            "size_gigabytes": 8.59,
            "slug": "centos-7-x64",
            "source": "user",
            "status": "available",
            "tags": [],
            "type": "snapshot"
          }
        }
      ]
    },
    {
      "module": "module.droplet",
      "mode": "managed",
      "type": "digitalocean_droplet",
      "name": "main",
      "provider": "provider[\"registry.terraform.io/digitalocean/digitalocean\"]",
      "instances": [
        {
          "index_key": 0,
          "schema_version": 1,
          "attributes": {
            "backups": false,
            "created_at": "2020-11-23T00:09:14Z",
            "disk": 25,
            "id": "217991270",
            "image": "69535713",
            "ipv4_address": "143.110.233.22",
            "ipv4_address_private": "172.16.64.3",
            "ipv6": false,
            "ipv6_address": "",
            "locked": false,
            "memory": 1024,
            "monitoring": false,
            "name": "rtpengine",
            "price_hourly": 0.00744,
            "price_monthly": 5,
            "private_networking": true,
            "region": "sfo3",
            "resize_disk": true,
            "size": "s-1vcpu-1gb",
            "ssh_keys": [
              "77:4e:2e:df:2c:9c:42:78:28:a3:e4:49:9f:4f:e6:07"
            ],
            "status": "active",
            "tags": [
              "Application:-omlapp",
              "Createdby:-terraform",
              "Environment:-dev",
              "Managedby:-CloudDrove",
              "Name:-rtpengine"
            ],
            "urn": "do:droplet:217991270",
            "user_data": "603409f34655e682b56f9ae68aafa96d1d2f6aab",
            "vcpus": 1,
            "volume_ids": [],
            "vpc_uuid": "e67b0b42-65fe-4014-8b47-37089af83158"
          },
          "private": "eyJzY2hlbWFfdmVyc2lvbiI6IjEifQ==",
          "dependencies": [
            "module.droplet.module.labels.digitalocean_tag.application",
            "module.droplet.module.labels.digitalocean_tag.createdby",
            "module.droplet.module.labels.digitalocean_tag.environment",
            "module.droplet.module.labels.digitalocean_tag.managedby",
            "module.droplet.module.labels.digitalocean_tag.name",
            "module.vpc.digitalocean_vpc.default",
            "module.vpc.module.labels.digitalocean_tag.id"
          ]
        }
      ]
    },
    {
      "module": "module.droplet",
      "mode": "managed",
      "type": "digitalocean_floating_ip",
      "name": "main",
      "provider": "provider[\"registry.terraform.io/digitalocean/digitalocean\"]",
      "instances": [
        {
          "index_key": 0,
          "schema_version": 0,
          "attributes": {
            "droplet_id": null,
            "id": "164.90.244.103",
            "ip_address": "164.90.244.103",
            "region": "sfo3",
            "urn": "do:floatingip:164.90.244.103"
          },
          "private": "bnVsbA=="
        }
      ]
    },
    {
      "module": "module.droplet",
      "mode": "managed",
      "type": "digitalocean_floating_ip_assignment",
      "name": "main",
      "provider": "provider[\"registry.terraform.io/digitalocean/digitalocean\"]",
      "instances": [
        {
          "index_key": 0,
          "schema_version": 0,
          "attributes": {
            "droplet_id": 217991270,
            "id": "217991270-164.90.244.103-20201123001001560600000001",
            "ip_address": "164.90.244.103"
          },
          "private": "bnVsbA==",
          "dependencies": [
            "module.droplet.digitalocean_droplet.main",
            "module.droplet.digitalocean_floating_ip.main",
            "module.droplet.module.labels.digitalocean_tag.application",
            "module.droplet.module.labels.digitalocean_tag.createdby",
            "module.droplet.module.labels.digitalocean_tag.environment",
            "module.droplet.module.labels.digitalocean_tag.managedby",
            "module.droplet.module.labels.digitalocean_tag.name",
            "module.vpc.digitalocean_vpc.default",
            "module.vpc.module.labels.digitalocean_tag.id"
          ]
        }
      ]
    },
    {
      "module": "module.droplet",
      "mode": "managed",
      "type": "digitalocean_volume",
      "name": "main",
      "provider": "provider[\"registry.terraform.io/digitalocean/digitalocean\"]",
      "instances": [
        {
          "index_key": 0,
          "schema_version": 0,
          "attributes": {
            "description": "Block storage for rtpengine",
            "droplet_ids": [],
            "filesystem_label": "data",
            "filesystem_type": "ext4",
            "id": "3420a6b8-2d20-11eb-bc5c-0a58ac120ab0",
            "initial_filesystem_label": "data",
            "initial_filesystem_type": "ext4",
            "name": "dev-omlapp-rtpengine-volume-0",
            "region": "sfo3",
            "size": 5,
            "snapshot_id": null,
            "tags": [
              "Application:-omlapp",
              "Createdby:-terraform",
              "Environment:-dev",
              "Managedby:-CloudDrove",
              "dev-omlapp-rtpengine-volume-0"
            ],
            "urn": "do:volume:3420a6b8-2d20-11eb-bc5c-0a58ac120ab0"
          },
          "private": "bnVsbA==",
          "dependencies": [
            "module.droplet.digitalocean_droplet.main",
            "module.droplet.module.labels.digitalocean_tag.application",
            "module.droplet.module.labels.digitalocean_tag.createdby",
            "module.droplet.module.labels.digitalocean_tag.environment",
            "module.droplet.module.labels.digitalocean_tag.id",
            "module.droplet.module.labels.digitalocean_tag.managedby",
            "module.droplet.module.labels.digitalocean_tag.name",
            "module.vpc.digitalocean_vpc.default",
            "module.vpc.module.labels.digitalocean_tag.id"
          ]
        }
      ]
    },
    {
      "module": "module.droplet",
      "mode": "managed",
      "type": "digitalocean_volume_attachment",
      "name": "main",
      "provider": "provider[\"registry.terraform.io/digitalocean/digitalocean\"]",
      "instances": [
        {
          "index_key": 0,
          "schema_version": 0,
          "attributes": {
            "droplet_id": 217991270,
            "id": "217991270-3420a6b8-2d20-11eb-bc5c-0a58ac120ab0-20201123001014920700000003",
            "volume_id": "3420a6b8-2d20-11eb-bc5c-0a58ac120ab0"
          },
          "private": "bnVsbA==",
          "dependencies": [
            "module.droplet.digitalocean_droplet.main",
            "module.droplet.digitalocean_volume.main",
            "module.droplet.module.labels.digitalocean_tag.application",
            "module.droplet.module.labels.digitalocean_tag.createdby",
            "module.droplet.module.labels.digitalocean_tag.environment",
            "module.droplet.module.labels.digitalocean_tag.id",
            "module.droplet.module.labels.digitalocean_tag.managedby",
            "module.droplet.module.labels.digitalocean_tag.name",
            "module.vpc.digitalocean_vpc.default",
            "module.vpc.module.labels.digitalocean_tag.id"
          ]
        }
      ]
    },
    {
      "module": "module.droplet.module.labels",
      "mode": "managed",
      "type": "digitalocean_tag",
      "name": "application",
      "provider": "provider[\"registry.terraform.io/digitalocean/digitalocean\"]",
      "instances": [
        {
          "index_key": 0,
          "schema_version": 0,
          "attributes": {
            "databases_count": 0,
            "droplets_count": 0,
            "id": "Application:-omlapp",
            "images_count": 0,
            "name": "Application:-omlapp",
            "total_resource_count": 0,
            "volume_snapshots_count": 0,
            "volumes_count": 0
          },
          "private": "bnVsbA=="
        }
      ]
    },
    {
      "module": "module.droplet.module.labels",
      "mode": "managed",
      "type": "digitalocean_tag",
      "name": "createdby",
      "provider": "provider[\"registry.terraform.io/digitalocean/digitalocean\"]",
      "instances": [
        {
          "index_key": 0,
          "schema_version": 0,
          "attributes": {
            "databases_count": 0,
            "droplets_count": 0,
            "id": "Createdby:-terraform",
            "images_count": 0,
            "name": "Createdby:-terraform",
            "total_resource_count": 0,
            "volume_snapshots_count": 0,
            "volumes_count": 0
          },
          "private": "bnVsbA=="
        }
      ]
    },
    {
      "module": "module.droplet.module.labels",
      "mode": "managed",
      "type": "digitalocean_tag",
      "name": "environment",
      "provider": "provider[\"registry.terraform.io/digitalocean/digitalocean\"]",
      "instances": [
        {
          "index_key": 0,
          "schema_version": 0,
          "attributes": {
            "databases_count": 0,
            "droplets_count": 0,
            "id": "Environment:-dev",
            "images_count": 0,
            "name": "Environment:-dev",
            "total_resource_count": 0,
            "volume_snapshots_count": 0,
            "volumes_count": 0
          },
          "private": "bnVsbA=="
        }
      ]
    },
    {
      "module": "module.droplet.module.labels",
      "mode": "managed",
      "type": "digitalocean_tag",
      "name": "id",
      "provider": "provider[\"registry.terraform.io/digitalocean/digitalocean\"]",
      "instances": [
        {
          "index_key": 0,
          "schema_version": 0,
          "attributes": {
            "databases_count": 0,
            "droplets_count": 0,
            "id": "dev-omlapp-rtpengine",
            "images_count": 0,
            "name": "dev-omlapp-rtpengine",
            "total_resource_count": 0,
            "volume_snapshots_count": 0,
            "volumes_count": 0
          },
          "private": "bnVsbA=="
        }
      ]
    },
    {
      "module": "module.droplet.module.labels",
      "mode": "managed",
      "type": "digitalocean_tag",
      "name": "managedby",
      "provider": "provider[\"registry.terraform.io/digitalocean/digitalocean\"]",
      "instances": [
        {
          "index_key": 0,
          "schema_version": 0,
          "attributes": {
            "databases_count": 0,
            "droplets_count": 0,
            "id": "Managedby:-CloudDrove",
            "images_count": 0,
            "name": "Managedby:-CloudDrove",
            "total_resource_count": 0,
            "volume_snapshots_count": 0,
            "volumes_count": 0
          },
          "private": "bnVsbA=="
        }
      ]
    },
    {
      "module": "module.droplet.module.labels",
      "mode": "managed",
      "type": "digitalocean_tag",
      "name": "name",
      "provider": "provider[\"registry.terraform.io/digitalocean/digitalocean\"]",
      "instances": [
        {
          "index_key": 0,
          "schema_version": 0,
          "attributes": {
            "databases_count": 0,
            "droplets_count": 0,
            "id": "Name:-rtpengine",
            "images_count": 0,
            "name": "Name:-rtpengine",
            "total_resource_count": 0,
            "volume_snapshots_count": 0,
            "volumes_count": 0
          },
          "private": "bnVsbA=="
        }
      ]
    },
    {
      "module": "module.droplet_omlapp",
      "mode": "data",
      "type": "digitalocean_image",
      "name": "official",
      "provider": "provider[\"registry.terraform.io/digitalocean/digitalocean\"]",
      "instances": [
        {
          "index_key": 0,
          "schema_version": 0,
          "attributes": {
            "created": "2020-09-04T06:50:46Z",
            "description": "7.6 x64",
            "distribution": "CentOS",
            "error_message": "",
            "id": 69535713,
            "image": "69535713",
            "min_disk_size": 20,
            "name": "7.6 x64",
            "private": false,
            "regions": [
              "ams2",
              "ams3",
              "blr1",
              "fra1",
              "lon1",
              "nyc1",
              "nyc2",
              "nyc3",
              "sfo1",
              "sfo2",
              "sfo3",
              "sgp1",
              "tor1"
            ],
            "size_gigabytes": 8.59,
            "slug": "centos-7-x64",
            "source": "user",
            "status": "available",
            "tags": [],
            "type": "snapshot"
          }
        }
      ]
    },
    {
      "module": "module.droplet_omlapp",
      "mode": "managed",
      "type": "digitalocean_droplet",
      "name": "main",
      "provider": "provider[\"registry.terraform.io/digitalocean/digitalocean\"]",
      "instances": [
        {
          "index_key": 0,
          "schema_version": 1,
          "attributes": {
            "backups": false,
            "created_at": "2020-11-23T00:09:14Z",
            "disk": 25,
            "id": "217991271",
            "image": "69535713",
            "ipv4_address": "143.110.233.21",
            "ipv4_address_private": "172.16.64.2",
            "ipv6": false,
            "ipv6_address": "",
            "locked": false,
            "memory": 1024,
            "monitoring": false,
            "name": "omlapp",
            "price_hourly": 0.00744,
            "price_monthly": 5,
            "private_networking": true,
            "region": "sfo3",
            "resize_disk": true,
            "size": "s-1vcpu-1gb",
            "ssh_keys": [
              "77:4e:2e:df:2c:9c:42:78:28:a3:e4:49:9f:4f:e6:07"
            ],
            "status": "active",
            "tags": [
              "Application:-omlapp",
              "Createdby:-terraform",
              "Environment:-dev",
              "Managedby:-CloudDrove",
              "Name:-omlapp"
            ],
            "urn": "do:droplet:217991271",
            "user_data": "29dd70050e48574598dd95430f6ab08c5ba1f0f8",
            "vcpus": 1,
            "volume_ids": [],
            "vpc_uuid": "e67b0b42-65fe-4014-8b47-37089af83158"
          },
          "private": "eyJzY2hlbWFfdmVyc2lvbiI6IjEifQ==",
          "dependencies": [
            "module.droplet_omlapp.module.labels.digitalocean_tag.application",
            "module.droplet_omlapp.module.labels.digitalocean_tag.createdby",
            "module.droplet_omlapp.module.labels.digitalocean_tag.environment",
            "module.droplet_omlapp.module.labels.digitalocean_tag.managedby",
            "module.droplet_omlapp.module.labels.digitalocean_tag.name",
            "module.vpc.digitalocean_vpc.default",
            "module.vpc.module.labels.digitalocean_tag.id"
          ]
        }
      ]
    },
    {
      "module": "module.droplet_omlapp",
      "mode": "managed",
      "type": "digitalocean_floating_ip",
      "name": "main",
      "provider": "provider[\"registry.terraform.io/digitalocean/digitalocean\"]",
      "instances": [
        {
          "index_key": 0,
          "schema_version": 0,
          "attributes": {
            "droplet_id": null,
            "id": "164.90.244.105",
            "ip_address": "164.90.244.105",
            "region": "sfo3",
            "urn": "do:floatingip:164.90.244.105"
          },
          "private": "bnVsbA=="
        }
      ]
    },
    {
      "module": "module.droplet_omlapp",
      "mode": "managed",
      "type": "digitalocean_floating_ip_assignment",
      "name": "main",
      "provider": "provider[\"registry.terraform.io/digitalocean/digitalocean\"]",
      "instances": [
        {
          "index_key": 0,
          "schema_version": 0,
          "attributes": {
            "droplet_id": 217991271,
            "id": "217991271-164.90.244.105-20201123001007758800000002",
            "ip_address": "164.90.244.105"
          },
          "private": "bnVsbA==",
          "dependencies": [
            "module.droplet_omlapp.digitalocean_droplet.main",
            "module.droplet_omlapp.digitalocean_floating_ip.main",
            "module.droplet_omlapp.module.labels.digitalocean_tag.application",
            "module.droplet_omlapp.module.labels.digitalocean_tag.createdby",
            "module.droplet_omlapp.module.labels.digitalocean_tag.environment",
            "module.droplet_omlapp.module.labels.digitalocean_tag.managedby",
            "module.droplet_omlapp.module.labels.digitalocean_tag.name",
            "module.vpc.digitalocean_vpc.default",
            "module.vpc.module.labels.digitalocean_tag.id"
          ]
        }
      ]
    },
    {
      "module": "module.droplet_omlapp",
      "mode": "managed",
      "type": "digitalocean_volume",
      "name": "main",
      "provider": "provider[\"registry.terraform.io/digitalocean/digitalocean\"]",
      "instances": [
        {
          "index_key": 0,
          "schema_version": 0,
          "attributes": {
            "description": "Block storage for omlapp",
            "droplet_ids": [],
            "filesystem_label": "data",
            "filesystem_type": "ext4",
            "id": "34221e14-2d20-11eb-a2f7-0a58ac120c26",
            "initial_filesystem_label": "data",
            "initial_filesystem_type": "ext4",
            "name": "dev-omlapp-omlapp-volume-0",
            "region": "sfo3",
            "size": 5,
            "snapshot_id": null,
            "tags": [
              "Application:-omlapp",
              "Createdby:-terraform",
              "Environment:-dev",
              "Managedby:-CloudDrove",
              "dev-omlapp-omlapp-volume-0"
            ],
            "urn": "do:volume:34221e14-2d20-11eb-a2f7-0a58ac120c26"
          },
          "private": "bnVsbA==",
          "dependencies": [
            "module.droplet_omlapp.digitalocean_droplet.main",
            "module.droplet_omlapp.module.labels.digitalocean_tag.application",
            "module.droplet_omlapp.module.labels.digitalocean_tag.createdby",
            "module.droplet_omlapp.module.labels.digitalocean_tag.environment",
            "module.droplet_omlapp.module.labels.digitalocean_tag.id",
            "module.droplet_omlapp.module.labels.digitalocean_tag.managedby",
            "module.droplet_omlapp.module.labels.digitalocean_tag.name",
            "module.vpc.digitalocean_vpc.default",
            "module.vpc.module.labels.digitalocean_tag.id"
          ]
        }
      ]
    },
    {
      "module": "module.droplet_omlapp",
      "mode": "managed",
      "type": "digitalocean_volume_attachment",
      "name": "main",
      "provider": "provider[\"registry.terraform.io/digitalocean/digitalocean\"]",
      "instances": [
        {
          "index_key": 0,
          "schema_version": 0,
          "attributes": {
            "droplet_id": 217991271,
            "id": "217991271-34221e14-2d20-11eb-a2f7-0a58ac120c26-20201123001014921800000004",
            "volume_id": "34221e14-2d20-11eb-a2f7-0a58ac120c26"
          },
          "private": "bnVsbA==",
          "dependencies": [
            "module.droplet_omlapp.digitalocean_droplet.main",
            "module.droplet_omlapp.digitalocean_volume.main",
            "module.droplet_omlapp.module.labels.digitalocean_tag.application",
            "module.droplet_omlapp.module.labels.digitalocean_tag.createdby",
            "module.droplet_omlapp.module.labels.digitalocean_tag.environment",
            "module.droplet_omlapp.module.labels.digitalocean_tag.id",
            "module.droplet_omlapp.module.labels.digitalocean_tag.managedby",
            "module.droplet_omlapp.module.labels.digitalocean_tag.name",
            "module.vpc.digitalocean_vpc.default",
            "module.vpc.module.labels.digitalocean_tag.id"
          ]
        }
      ]
    },
    {
      "module": "module.droplet_omlapp.module.labels",
      "mode": "managed",
      "type": "digitalocean_tag",
      "name": "application",
      "provider": "provider[\"registry.terraform.io/digitalocean/digitalocean\"]",
      "instances": [
        {
          "index_key": 0,
          "schema_version": 0,
          "attributes": {
            "databases_count": 0,
            "droplets_count": 0,
            "id": "Application:-omlapp",
            "images_count": 0,
            "name": "Application:-omlapp",
            "total_resource_count": 0,
            "volume_snapshots_count": 0,
            "volumes_count": 0
          },
          "private": "bnVsbA=="
        }
      ]
    },
    {
      "module": "module.droplet_omlapp.module.labels",
      "mode": "managed",
      "type": "digitalocean_tag",
      "name": "createdby",
      "provider": "provider[\"registry.terraform.io/digitalocean/digitalocean\"]",
      "instances": [
        {
          "index_key": 0,
          "schema_version": 0,
          "attributes": {
            "databases_count": 0,
            "droplets_count": 0,
            "id": "Createdby:-terraform",
            "images_count": 0,
            "name": "Createdby:-terraform",
            "total_resource_count": 0,
            "volume_snapshots_count": 0,
            "volumes_count": 0
          },
          "private": "bnVsbA=="
        }
      ]
    },
    {
      "module": "module.droplet_omlapp.module.labels",
      "mode": "managed",
      "type": "digitalocean_tag",
      "name": "environment",
      "provider": "provider[\"registry.terraform.io/digitalocean/digitalocean\"]",
      "instances": [
        {
          "index_key": 0,
          "schema_version": 0,
          "attributes": {
            "databases_count": 0,
            "droplets_count": 0,
            "id": "Environment:-dev",
            "images_count": 0,
            "name": "Environment:-dev",
            "total_resource_count": 0,
            "volume_snapshots_count": 0,
            "volumes_count": 0
          },
          "private": "bnVsbA=="
        }
      ]
    },
    {
      "module": "module.droplet_omlapp.module.labels",
      "mode": "managed",
      "type": "digitalocean_tag",
      "name": "id",
      "provider": "provider[\"registry.terraform.io/digitalocean/digitalocean\"]",
      "instances": [
        {
          "index_key": 0,
          "schema_version": 0,
          "attributes": {
            "databases_count": 0,
            "droplets_count": 0,
            "id": "dev-omlapp-omlapp",
            "images_count": 0,
            "name": "dev-omlapp-omlapp",
            "total_resource_count": 0,
            "volume_snapshots_count": 0,
            "volumes_count": 0
          },
          "private": "bnVsbA=="
        }
      ]
    },
    {
      "module": "module.droplet_omlapp.module.labels",
      "mode": "managed",
      "type": "digitalocean_tag",
      "name": "managedby",
      "provider": "provider[\"registry.terraform.io/digitalocean/digitalocean\"]",
      "instances": [
        {
          "index_key": 0,
          "schema_version": 0,
          "attributes": {
            "databases_count": 0,
            "droplets_count": 0,
            "id": "Managedby:-CloudDrove",
            "images_count": 0,
            "name": "Managedby:-CloudDrove",
            "total_resource_count": 0,
            "volume_snapshots_count": 0,
            "volumes_count": 0
          },
          "private": "bnVsbA=="
        }
      ]
    },
    {
      "module": "module.droplet_omlapp.module.labels",
      "mode": "managed",
      "type": "digitalocean_tag",
      "name": "name",
      "provider": "provider[\"registry.terraform.io/digitalocean/digitalocean\"]",
      "instances": [
        {
          "index_key": 0,
          "schema_version": 0,
          "attributes": {
            "databases_count": 0,
            "droplets_count": 0,
            "id": "Name:-omlapp",
            "images_count": 0,
            "name": "Name:-omlapp",
            "total_resource_count": 0,
            "volume_snapshots_count": 0,
            "volumes_count": 0
          },
          "private": "bnVsbA=="
        }
      ]
    },
    {
      "module": "module.firewall",
      "mode": "managed",
      "type": "digitalocean_firewall",
      "name": "default",
      "provider": "provider[\"registry.terraform.io/digitalocean/digitalocean\"]",
      "instances": [
        {
          "schema_version": 0,
          "attributes": {
            "created_at": "2020-11-23T00:09:49Z",
            "droplet_ids": [
              217991271
            ],
            "id": "0752550c-1fec-42b2-a1ea-3490497bf37d",
            "inbound_rule": [
              {
                "port_range": "22",
                "protocol": "tcp",
                "source_addresses": [
                  "0.0.0.0/0"
                ],
                "source_droplet_ids": [],
                "source_load_balancer_uids": [],
                "source_tags": []
              },
              {
                "port_range": "443",
                "protocol": "tcp",
                "source_addresses": [
                  "0.0.0.0/0"
                ],
                "source_droplet_ids": [],
                "source_load_balancer_uids": [],
                "source_tags": []
              }
            ],
            "name": "fwomlapp",
            "outbound_rule": [
              {
                "destination_addresses": [
                  "0.0.0.0/0",
                  "::/0"
                ],
                "destination_droplet_ids": [],
                "destination_load_balancer_uids": [],
                "destination_tags": [],
                "port_range": "1-65535",
                "protocol": "tcp"
              },
              {
                "destination_addresses": [
                  "0.0.0.0/0",
                  "::/0"
                ],
                "destination_droplet_ids": [],
                "destination_load_balancer_uids": [],
                "destination_tags": [],
                "port_range": "1-65535",
                "protocol": "udp"
              }
            ],
            "pending_changes": [],
            "status": "succeeded",
            "tags": null
          },
          "private": "bnVsbA==",
          "dependencies": [
            "module.droplet_omlapp.digitalocean_droplet.main",
            "module.droplet_omlapp.module.labels.digitalocean_tag.application",
            "module.droplet_omlapp.module.labels.digitalocean_tag.createdby",
            "module.droplet_omlapp.module.labels.digitalocean_tag.environment",
            "module.droplet_omlapp.module.labels.digitalocean_tag.managedby",
            "module.droplet_omlapp.module.labels.digitalocean_tag.name",
            "module.vpc.digitalocean_vpc.default",
            "module.vpc.module.labels.digitalocean_tag.id"
          ]
        }
      ]
    },
    {
      "module": "module.firewall_rtp",
      "mode": "managed",
      "type": "digitalocean_firewall",
      "name": "default",
      "provider": "provider[\"registry.terraform.io/digitalocean/digitalocean\"]",
      "instances": [
        {
          "schema_version": 0,
          "attributes": {
            "created_at": "2020-11-23T00:09:49Z",
            "droplet_ids": [
              217991270
            ],
            "id": "ea0a7bb6-d07e-4058-a9ce-9c4b94d5d1c7",
            "inbound_rule": [
              {
                "port_range": "40000-50000",
                "protocol": "udp",
                "source_addresses": [
                  "0.0.0.0/0"
                ],
                "source_droplet_ids": [],
                "source_load_balancer_uids": [],
                "source_tags": []
              }
            ],
            "name": "fwrtp",
            "outbound_rule": [
              {
                "destination_addresses": [
                  "0.0.0.0/0",
                  "::/0"
                ],
                "destination_droplet_ids": [],
                "destination_load_balancer_uids": [],
                "destination_tags": [],
                "port_range": "1-65535",
                "protocol": "tcp"
              },
              {
                "destination_addresses": [
                  "0.0.0.0/0",
                  "::/0"
                ],
                "destination_droplet_ids": [],
                "destination_load_balancer_uids": [],
                "destination_tags": [],
                "port_range": "1-65535",
                "protocol": "udp"
              }
            ],
            "pending_changes": [
              {
                "droplet_id": 217991270,
                "removing": false,
                "status": "waiting"
              }
            ],
            "status": "waiting",
            "tags": null
          },
          "private": "bnVsbA==",
          "dependencies": [
            "module.droplet.digitalocean_droplet.main",
            "module.droplet.module.labels.digitalocean_tag.application",
            "module.droplet.module.labels.digitalocean_tag.createdby",
            "module.droplet.module.labels.digitalocean_tag.environment",
            "module.droplet.module.labels.digitalocean_tag.managedby",
            "module.droplet.module.labels.digitalocean_tag.name",
            "module.vpc.digitalocean_vpc.default",
            "module.vpc.module.labels.digitalocean_tag.id"
          ]
        }
      ]
    },
    {
      "module": "module.vpc",
      "mode": "managed",
      "type": "digitalocean_vpc",
      "name": "default",
      "provider": "provider[\"registry.terraform.io/digitalocean/digitalocean\"]",
      "instances": [
        {
          "index_key": 0,
          "schema_version": 0,
          "attributes": {
            "created_at": "2020-11-23 00:09:12 +0000 UTC",
            "default": false,
            "description": "VPC",
            "id": "e67b0b42-65fe-4014-8b47-37089af83158",
            "ip_range": "172.16.64.0/20",
            "name": "dev-omlapp-vpc",
            "region": "sfo3",
            "timeouts": null,
            "urn": "do:vpc:e67b0b42-65fe-4014-8b47-37089af83158"
          },
          "private": "eyJlMmJmYjczMC1lY2FhLTExZTYtOGY4OC0zNDM2M2JjN2M0YzAiOnsiZGVsZXRlIjoxMjAwMDAwMDAwMDB9fQ==",
          "dependencies": [
            "module.vpc.module.labels.digitalocean_tag.id"
          ]
        }
      ]
    },
    {
      "module": "module.vpc.module.labels",
      "mode": "managed",
      "type": "digitalocean_tag",
      "name": "application",
      "provider": "provider[\"registry.terraform.io/digitalocean/digitalocean\"]",
      "instances": [
        {
          "index_key": 0,
          "schema_version": 0,
          "attributes": {
            "databases_count": 0,
            "droplets_count": 0,
            "id": "Application:-omlapp",
            "images_count": 0,
            "name": "Application:-omlapp",
            "total_resource_count": 0,
            "volume_snapshots_count": 0,
            "volumes_count": 0
          },
          "private": "bnVsbA=="
        }
      ]
    },
    {
      "module": "module.vpc.module.labels",
      "mode": "managed",
      "type": "digitalocean_tag",
      "name": "createdby",
      "provider": "provider[\"registry.terraform.io/digitalocean/digitalocean\"]",
      "instances": [
        {
          "index_key": 0,
          "schema_version": 0,
          "attributes": {
            "databases_count": 0,
            "droplets_count": 0,
            "id": "Createdby:-terraform",
            "images_count": 0,
            "name": "Createdby:-terraform",
            "total_resource_count": 0,
            "volume_snapshots_count": 0,
            "volumes_count": 0
          },
          "private": "bnVsbA=="
        }
      ]
    },
    {
      "module": "module.vpc.module.labels",
      "mode": "managed",
      "type": "digitalocean_tag",
      "name": "environment",
      "provider": "provider[\"registry.terraform.io/digitalocean/digitalocean\"]",
      "instances": [
        {
          "index_key": 0,
          "schema_version": 0,
          "attributes": {
            "databases_count": 0,
            "droplets_count": 0,
            "id": "Environment:-dev",
            "images_count": 0,
            "name": "Environment:-dev",
            "total_resource_count": 0,
            "volume_snapshots_count": 0,
            "volumes_count": 0
          },
          "private": "bnVsbA=="
        }
      ]
    },
    {
      "module": "module.vpc.module.labels",
      "mode": "managed",
      "type": "digitalocean_tag",
      "name": "id",
      "provider": "provider[\"registry.terraform.io/digitalocean/digitalocean\"]",
      "instances": [
        {
          "index_key": 0,
          "schema_version": 0,
          "attributes": {
            "databases_count": 0,
            "droplets_count": 0,
            "id": "dev-omlapp-vpc",
            "images_count": 0,
            "name": "dev-omlapp-vpc",
            "total_resource_count": 0,
            "volume_snapshots_count": 0,
            "volumes_count": 0
          },
          "private": "bnVsbA=="
        }
      ]
    },
    {
      "module": "module.vpc.module.labels",
      "mode": "managed",
      "type": "digitalocean_tag",
      "name": "managedby",
      "provider": "provider[\"registry.terraform.io/digitalocean/digitalocean\"]",
      "instances": [
        {
          "index_key": 0,
          "schema_version": 0,
          "attributes": {
            "databases_count": 0,
            "droplets_count": 0,
            "id": "Managedby:-CloudDrove",
            "images_count": 0,
            "name": "Managedby:-CloudDrove",
            "total_resource_count": 0,
            "volume_snapshots_count": 0,
            "volumes_count": 0
          },
          "private": "bnVsbA=="
        }
      ]
    },
    {
      "module": "module.vpc.module.labels",
      "mode": "managed",
      "type": "digitalocean_tag",
      "name": "name",
      "provider": "provider[\"registry.terraform.io/digitalocean/digitalocean\"]",
      "instances": [
        {
          "index_key": 0,
          "schema_version": 0,
          "attributes": {
            "databases_count": 0,
            "droplets_count": 0,
            "id": "Name:-vpc",
            "images_count": 0,
            "name": "Name:-vpc",
            "total_resource_count": 0,
            "volume_snapshots_count": 0,
            "volumes_count": 0
          },
          "private": "bnVsbA=="
        }
      ]
    }
  ]
}
