{
  "version": 4,
  "terraform_version": "0.13.5",
  "serial": 500,
  "lineage": "1e4d4d7d-c5ce-f220-828a-86b7033960db",
  "outputs": {},
  "resources": [
    {
      "module": "module.droplet",
      "mode": "data",
      "type": "digitalocean_image",
      "name": "official",
      "provider": "provider[\"registry.terraform.io/digitalocean/digitalocean\"]",
      "instances": [
        {
          "index_key": 0,
          "schema_version": 0,
          "attributes": {
            "created": "2020-09-04T06:50:46Z",
            "description": "7.6 x64",
            "distribution": "CentOS",
            "error_message": "",
            "id": 69535713,
            "image": "69535713",
            "min_disk_size": 20,
            "name": "7.6 x64",
            "private": false,
            "regions": [
              "ams2",
              "ams3",
              "blr1",
              "fra1",
              "lon1",
              "nyc1",
              "nyc2",
              "nyc3",
              "sfo1",
              "sfo2",
              "sfo3",
              "sgp1",
              "tor1"
            ],
            "size_gigabytes": 8.59,
            "slug": "centos-7-x64",
            "source": "user",
            "status": "available",
            "tags": [],
            "type": "snapshot"
          }
        }
      ]
    },
    {
      "module": "module.droplet",
      "mode": "managed",
      "type": "digitalocean_droplet",
      "name": "main",
      "provider": "provider[\"registry.terraform.io/digitalocean/digitalocean\"]",
      "instances": [
        {
          "index_key": 0,
          "schema_version": 1,
          "attributes": {
            "backups": false,
            "created_at": "2020-11-23T00:36:11Z",
            "disk": 25,
            "id": "217994066",
            "image": "69535713",
            "ipv4_address": "164.90.155.17",
            "ipv4_address_private": "172.16.64.2",
            "ipv6": false,
            "ipv6_address": "",
            "locked": false,
            "memory": 1024,
            "monitoring": false,
            "name": "rtpengine",
            "price_hourly": 0.00744,
            "price_monthly": 5,
            "private_networking": true,
            "region": "sfo3",
            "resize_disk": true,
            "size": "s-1vcpu-1gb",
            "ssh_keys": [
              "77:4e:2e:df:2c:9c:42:78:28:a3:e4:49:9f:4f:e6:07"
            ],
            "status": "active",
            "tags": null,
            "urn": "do:droplet:217994066",
            "user_data": "603409f34655e682b56f9ae68aafa96d1d2f6aab",
            "vcpus": 1,
            "volume_ids": [],
            "vpc_uuid": "403080a0-1b78-4670-bc72-3ddbbe541d09"
          },
          "private": "eyJzY2hlbWFfdmVyc2lvbiI6IjEifQ==",
          "dependencies": [
            "module.vpc.digitalocean_vpc.default"
          ]
        }
      ]
    },
    {
      "module": "module.droplet",
      "mode": "managed",
      "type": "digitalocean_floating_ip",
      "name": "main",
      "provider": "provider[\"registry.terraform.io/digitalocean/digitalocean\"]",
      "instances": [
        {
          "index_key": 0,
          "schema_version": 0,
          "attributes": {
            "droplet_id": null,
            "id": "164.90.244.103",
            "ip_address": "164.90.244.103",
            "region": "sfo3",
            "urn": "do:floatingip:164.90.244.103"
          },
          "private": "bnVsbA=="
        }
      ]
    },
    {
      "module": "module.droplet",
      "mode": "managed",
      "type": "digitalocean_floating_ip_assignment",
      "name": "main",
      "provider": "provider[\"registry.terraform.io/digitalocean/digitalocean\"]",
      "instances": [
        {
          "index_key": 0,
          "schema_version": 0,
          "attributes": {
            "droplet_id": 217994066,
            "id": "217994066-164.90.244.103-20201123003658336500000003",
            "ip_address": "164.90.244.103"
          },
          "private": "bnVsbA==",
          "dependencies": [
            "module.droplet.digitalocean_droplet.main",
            "module.droplet.digitalocean_floating_ip.main",
            "module.vpc.digitalocean_vpc.default"
          ]
        }
      ]
    },
    {
      "module": "module.droplet",
      "mode": "managed",
      "type": "digitalocean_volume",
      "name": "main",
      "provider": "provider[\"registry.terraform.io/digitalocean/digitalocean\"]",
      "instances": [
        {
          "index_key": 0,
          "schema_version": 0,
          "attributes": {
            "description": "Block storage for rtpengine",
            "droplet_ids": [],
            "filesystem_label": "data",
            "filesystem_type": "ext4",
            "id": "f7f7171c-2d23-11eb-8bc9-0a58ac1202e3",
            "initial_filesystem_label": "data",
            "initial_filesystem_type": "ext4",
            "name": "rtpengine",
            "region": "sfo3",
            "size": 5,
            "snapshot_id": null,
            "tags": null,
            "urn": "do:volume:f7f7171c-2d23-11eb-8bc9-0a58ac1202e3"
          },
          "private": "bnVsbA==",
          "dependencies": [
            "module.droplet.digitalocean_droplet.main",
            "module.vpc.digitalocean_vpc.default"
          ]
        }
      ]
    },
    {
      "module": "module.droplet",
      "mode": "managed",
      "type": "digitalocean_volume_attachment",
      "name": "main",
      "provider": "provider[\"registry.terraform.io/digitalocean/digitalocean\"]",
      "instances": [
        {
          "index_key": 0,
          "schema_version": 0,
          "attributes": {
            "droplet_id": 217994066,
            "id": "217994066-f7f7171c-2d23-11eb-8bc9-0a58ac1202e3-20201123003704987700000004",
            "volume_id": "f7f7171c-2d23-11eb-8bc9-0a58ac1202e3"
          },
          "private": "bnVsbA==",
          "dependencies": [
            "module.droplet.digitalocean_droplet.main",
            "module.droplet.digitalocean_volume.main",
            "module.vpc.digitalocean_vpc.default"
          ]
        }
      ]
    },
    {
      "module": "module.droplet_omlapp",
      "mode": "data",
      "type": "digitalocean_image",
      "name": "official",
      "provider": "provider[\"registry.terraform.io/digitalocean/digitalocean\"]",
      "instances": [
        {
          "index_key": 0,
          "schema_version": 0,
          "attributes": {
            "created": "2020-09-04T06:50:46Z",
            "description": "7.6 x64",
            "distribution": "CentOS",
            "error_message": "",
            "id": 69535713,
            "image": "69535713",
            "min_disk_size": 20,
            "name": "7.6 x64",
            "private": false,
            "regions": [
              "ams2",
              "ams3",
              "blr1",
              "fra1",
              "lon1",
              "nyc1",
              "nyc2",
              "nyc3",
              "sfo1",
              "sfo2",
              "sfo3",
              "sgp1",
              "tor1"
            ],
            "size_gigabytes": 8.59,
            "slug": "centos-7-x64",
            "source": "user",
            "status": "available",
            "tags": [],
            "type": "snapshot"
          }
        }
      ]
    },
    {
      "module": "module.droplet_omlapp",
      "mode": "managed",
      "type": "digitalocean_droplet",
      "name": "main",
      "provider": "provider[\"registry.terraform.io/digitalocean/digitalocean\"]",
      "instances": [
        {
          "index_key": 0,
          "schema_version": 1,
          "attributes": {
            "backups": false,
            "created_at": "2020-11-23T00:36:11Z",
            "disk": 25,
            "id": "217994065",
            "image": "69535713",
            "ipv4_address": "128.199.13.118",
            "ipv4_address_private": "172.16.64.3",
            "ipv6": false,
            "ipv6_address": "",
            "locked": false,
            "memory": 1024,
            "monitoring": false,
            "name": "omlapp",
            "price_hourly": 0.00744,
            "price_monthly": 5,
            "private_networking": true,
            "region": "sfo3",
            "resize_disk": true,
            "size": "s-1vcpu-1gb",
            "ssh_keys": [
              "77:4e:2e:df:2c:9c:42:78:28:a3:e4:49:9f:4f:e6:07"
            ],
            "status": "active",
            "tags": null,
            "urn": "do:droplet:217994065",
            "user_data": "29dd70050e48574598dd95430f6ab08c5ba1f0f8",
            "vcpus": 1,
            "volume_ids": [],
            "vpc_uuid": "403080a0-1b78-4670-bc72-3ddbbe541d09"
          },
          "private": "eyJzY2hlbWFfdmVyc2lvbiI6IjEifQ==",
          "dependencies": [
            "module.vpc.digitalocean_vpc.default"
          ]
        }
      ]
    },
    {
      "module": "module.droplet_omlapp",
      "mode": "managed",
      "type": "digitalocean_floating_ip",
      "name": "main",
      "provider": "provider[\"registry.terraform.io/digitalocean/digitalocean\"]",
      "instances": [
        {
          "index_key": 0,
          "schema_version": 0,
          "attributes": {
            "droplet_id": null,
            "id": "164.90.244.105",
            "ip_address": "164.90.244.105",
            "region": "sfo3",
            "urn": "do:floatingip:164.90.244.105"
          },
          "private": "bnVsbA=="
        }
      ]
    },
    {
      "module": "module.droplet_omlapp",
      "mode": "managed",
      "type": "digitalocean_floating_ip_assignment",
      "name": "main",
      "provider": "provider[\"registry.terraform.io/digitalocean/digitalocean\"]",
      "instances": [
        {
          "index_key": 0,
          "schema_version": 0,
          "attributes": {
            "droplet_id": 217994065,
            "id": "217994065-164.90.244.105-20201123003647257700000001",
            "ip_address": "164.90.244.105"
          },
          "private": "bnVsbA==",
          "dependencies": [
            "module.droplet_omlapp.digitalocean_droplet.main",
            "module.droplet_omlapp.digitalocean_floating_ip.main",
            "module.vpc.digitalocean_vpc.default"
          ]
        }
      ]
    },
    {
      "module": "module.droplet_omlapp",
      "mode": "managed",
      "type": "digitalocean_volume",
      "name": "main",
      "provider": "provider[\"registry.terraform.io/digitalocean/digitalocean\"]",
      "instances": [
        {
          "index_key": 0,
          "schema_version": 0,
          "attributes": {
            "description": "Block storage for omlapp",
            "droplet_ids": [],
            "filesystem_label": "data",
            "filesystem_type": "ext4",
            "id": "f174e740-2d23-11eb-8bc9-0a58ac1202e3",
            "initial_filesystem_label": "data",
            "initial_filesystem_type": "ext4",
            "name": "omlapp",
            "region": "sfo3",
            "size": 5,
            "snapshot_id": null,
            "tags": null,
            "urn": "do:volume:f174e740-2d23-11eb-8bc9-0a58ac1202e3"
          },
          "private": "bnVsbA==",
          "dependencies": [
            "module.droplet_omlapp.digitalocean_droplet.main",
            "module.vpc.digitalocean_vpc.default"
          ]
        }
      ]
    },
    {
      "module": "module.droplet_omlapp",
      "mode": "managed",
      "type": "digitalocean_volume_attachment",
      "name": "main",
      "provider": "provider[\"registry.terraform.io/digitalocean/digitalocean\"]",
      "instances": [
        {
          "index_key": 0,
          "schema_version": 0,
          "attributes": {
            "droplet_id": 217994065,
            "id": "217994065-f174e740-2d23-11eb-8bc9-0a58ac1202e3-20201123003654702000000002",
            "volume_id": "f174e740-2d23-11eb-8bc9-0a58ac1202e3"
          },
          "private": "bnVsbA==",
          "dependencies": [
            "module.droplet_omlapp.digitalocean_droplet.main",
            "module.droplet_omlapp.digitalocean_volume.main",
            "module.vpc.digitalocean_vpc.default"
          ]
        }
      ]
    },
    {
      "module": "module.firewall",
      "mode": "managed",
      "type": "digitalocean_firewall",
      "name": "default",
      "provider": "provider[\"registry.terraform.io/digitalocean/digitalocean\"]",
      "instances": [
        {
          "schema_version": 0,
          "attributes": {
            "created_at": "2020-11-23T00:36:35Z",
            "droplet_ids": [
              217994065
            ],
            "id": "cb5d14be-1f91-4610-bf3b-d226fc005841",
            "inbound_rule": [
              {
                "port_range": "22",
                "protocol": "tcp",
                "source_addresses": [
                  "0.0.0.0/0"
                ],
                "source_droplet_ids": [],
                "source_load_balancer_uids": [],
                "source_tags": []
              },
              {
                "port_range": "443",
                "protocol": "tcp",
                "source_addresses": [
                  "0.0.0.0/0"
                ],
                "source_droplet_ids": [],
                "source_load_balancer_uids": [],
                "source_tags": []
              }
            ],
            "name": "fwomlapp",
            "outbound_rule": [
              {
                "destination_addresses": [
                  "0.0.0.0/0",
                  "::/0"
                ],
                "destination_droplet_ids": [],
                "destination_load_balancer_uids": [],
                "destination_tags": [],
                "port_range": "1-65535",
                "protocol": "tcp"
              },
              {
                "destination_addresses": [
                  "0.0.0.0/0",
                  "::/0"
                ],
                "destination_droplet_ids": [],
                "destination_load_balancer_uids": [],
                "destination_tags": [],
                "port_range": "1-65535",
                "protocol": "udp"
              }
            ],
            "pending_changes": [
              {
                "droplet_id": 217994065,
                "removing": false,
                "status": "waiting"
              }
            ],
            "status": "waiting",
            "tags": null
          },
          "private": "bnVsbA==",
          "dependencies": [
            "module.droplet_omlapp.digitalocean_droplet.main",
            "module.vpc.digitalocean_vpc.default"
          ]
        }
      ]
    },
    {
      "module": "module.firewall_rtp",
      "mode": "managed",
      "type": "digitalocean_firewall",
      "name": "default",
      "provider": "provider[\"registry.terraform.io/digitalocean/digitalocean\"]",
      "instances": [
        {
          "schema_version": 0,
          "attributes": {
            "created_at": "2020-11-23T00:36:46Z",
            "droplet_ids": [
              217994066
            ],
            "id": "bc619b9d-024a-487c-bb8b-f200aef9bc75",
            "inbound_rule": [
              {
                "port_range": "40000-50000",
                "protocol": "udp",
                "source_addresses": [
                  "0.0.0.0/0"
                ],
                "source_droplet_ids": [],
                "source_load_balancer_uids": [],
                "source_tags": []
              }
            ],
            "name": "fwrtp",
            "outbound_rule": [
              {
                "destination_addresses": [
                  "0.0.0.0/0",
                  "::/0"
                ],
                "destination_droplet_ids": [],
                "destination_load_balancer_uids": [],
                "destination_tags": [],
                "port_range": "1-65535",
                "protocol": "tcp"
              },
              {
                "destination_addresses": [
                  "0.0.0.0/0",
                  "::/0"
                ],
                "destination_droplet_ids": [],
                "destination_load_balancer_uids": [],
                "destination_tags": [],
                "port_range": "1-65535",
                "protocol": "udp"
              }
            ],
            "pending_changes": [],
            "status": "succeeded",
            "tags": null
          },
          "private": "bnVsbA==",
          "dependencies": [
            "module.droplet.digitalocean_droplet.main",
            "module.vpc.digitalocean_vpc.default"
          ]
        }
      ]
    },
    {
      "module": "module.vpc",
      "mode": "managed",
      "type": "digitalocean_vpc",
      "name": "default",
      "provider": "provider[\"registry.terraform.io/digitalocean/digitalocean\"]",
      "instances": [
        {
          "index_key": 0,
          "schema_version": 0,
          "attributes": {
            "created_at": "2020-11-23 00:36:10 +0000 UTC",
            "default": false,
            "description": "VPC",
            "id": "403080a0-1b78-4670-bc72-3ddbbe541d09",
            "ip_range": "172.16.64.0/20",
            "name": "vpc",
            "region": "sfo3",
            "timeouts": null,
            "urn": "do:vpc:403080a0-1b78-4670-bc72-3ddbbe541d09"
          },
          "private": "eyJlMmJmYjczMC1lY2FhLTExZTYtOGY4OC0zNDM2M2JjN2M0YzAiOnsiZGVsZXRlIjoxMjAwMDAwMDAwMDB9fQ=="
        }
      ]
    }
  ]
}
