{
  "version": 4,
  "terraform_version": "0.13.5",
  "serial": 557,
  "lineage": "1e4d4d7d-c5ce-f220-828a-86b7033960db",
  "outputs": {},
  "resources": [
    {
      "module": "module.droplet",
      "mode": "data",
      "type": "digitalocean_image",
      "name": "official",
      "provider": "provider[\"registry.terraform.io/digitalocean/digitalocean\"]",
      "instances": [
        {
          "index_key": 0,
          "schema_version": 0,
          "attributes": {
            "created": "2020-10-20T08:49:55Z",
            "description": "Ubuntu 18.04 x86 image",
            "distribution": "Ubuntu",
            "error_message": "",
            "id": 72061309,
            "image": "72061309",
            "min_disk_size": 15,
            "name": "18.04 (LTS) x64",
            "private": false,
            "regions": [
              "ams2",
              "ams3",
              "blr1",
              "fra1",
              "lon1",
              "nyc1",
              "nyc2",
              "nyc3",
              "sfo1",
              "sfo2",
              "sfo3",
              "sgp1",
              "tor1"
            ],
            "size_gigabytes": 0.34,
            "slug": "ubuntu-18-04-x64",
            "source": "user",
            "status": "available",
            "tags": [],
            "type": "snapshot"
          }
        }
      ]
    },
    {
      "module": "module.droplet",
      "mode": "managed",
      "type": "digitalocean_floating_ip",
      "name": "main",
      "provider": "provider[\"registry.terraform.io/digitalocean/digitalocean\"]",
      "instances": [
        {
          "index_key": 0,
          "schema_version": 0,
          "attributes": {
            "droplet_id": null,
            "id": "45.55.110.200",
            "ip_address": "45.55.110.200",
            "region": "sfo1",
            "urn": "do:floatingip:45.55.110.200"
          },
          "private": "bnVsbA=="
        }
      ]
    },
    {
      "module": "module.droplet",
      "mode": "managed",
      "type": "digitalocean_floating_ip_assignment",
      "name": "main",
      "provider": "provider[\"registry.terraform.io/digitalocean/digitalocean\"]",
      "instances": []
    },
    {
      "module": "module.droplet",
      "mode": "managed",
      "type": "digitalocean_volume",
      "name": "main",
      "provider": "provider[\"registry.terraform.io/digitalocean/digitalocean\"]",
      "instances": []
    },
    {
      "module": "module.droplet",
      "mode": "managed",
      "type": "digitalocean_volume_attachment",
      "name": "main",
      "provider": "provider[\"registry.terraform.io/digitalocean/digitalocean\"]",
      "instances": []
    },
    {
      "module": "module.droplet.module.labels",
      "mode": "managed",
      "type": "digitalocean_tag",
      "name": "application",
      "provider": "provider[\"registry.terraform.io/digitalocean/digitalocean\"]",
      "instances": [
        {
          "index_key": 0,
          "schema_version": 0,
          "attributes": {
            "databases_count": 0,
            "droplets_count": 0,
            "id": "Application:-omlapp",
            "images_count": 0,
            "name": "Application:-omlapp",
            "total_resource_count": 0,
            "volume_snapshots_count": 0,
            "volumes_count": 0
          },
          "private": "bnVsbA=="
        }
      ]
    },
    {
      "module": "module.droplet.module.labels",
      "mode": "managed",
      "type": "digitalocean_tag",
      "name": "createdby",
      "provider": "provider[\"registry.terraform.io/digitalocean/digitalocean\"]",
      "instances": [
        {
          "index_key": 0,
          "schema_version": 0,
          "attributes": {
            "databases_count": 0,
            "droplets_count": 0,
            "id": "Createdby:-terraform",
            "images_count": 0,
            "name": "Createdby:-terraform",
            "total_resource_count": 0,
            "volume_snapshots_count": 0,
            "volumes_count": 0
          },
          "private": "bnVsbA=="
        }
      ]
    },
    {
      "module": "module.droplet.module.labels",
      "mode": "managed",
      "type": "digitalocean_tag",
      "name": "environment",
      "provider": "provider[\"registry.terraform.io/digitalocean/digitalocean\"]",
      "instances": [
        {
          "index_key": 0,
          "schema_version": 0,
          "attributes": {
            "databases_count": 0,
            "droplets_count": 0,
            "id": "Environment:-dev",
            "images_count": 0,
            "name": "Environment:-dev",
            "total_resource_count": 0,
            "volume_snapshots_count": 0,
            "volumes_count": 0
          },
          "private": "bnVsbA=="
        }
      ]
    },
    {
      "module": "module.droplet.module.labels",
      "mode": "managed",
      "type": "digitalocean_tag",
      "name": "id",
      "provider": "provider[\"registry.terraform.io/digitalocean/digitalocean\"]",
      "instances": [
        {
          "index_key": 0,
          "schema_version": 0,
          "attributes": {
            "databases_count": 0,
            "droplets_count": 0,
            "id": "dev-omlapp-rtpengine",
            "images_count": 0,
            "name": "dev-omlapp-rtpengine",
            "total_resource_count": 0,
            "volume_snapshots_count": 0,
            "volumes_count": 0
          },
          "private": "bnVsbA=="
        }
      ]
    },
    {
      "module": "module.droplet.module.labels",
      "mode": "managed",
      "type": "digitalocean_tag",
      "name": "managedby",
      "provider": "provider[\"registry.terraform.io/digitalocean/digitalocean\"]",
      "instances": [
        {
          "index_key": 0,
          "schema_version": 0,
          "attributes": {
            "databases_count": 0,
            "droplets_count": 0,
            "id": "Managedby:-CloudDrove",
            "images_count": 0,
            "name": "Managedby:-CloudDrove",
            "total_resource_count": 0,
            "volume_snapshots_count": 0,
            "volumes_count": 0
          },
          "private": "bnVsbA=="
        }
      ]
    },
    {
      "module": "module.droplet.module.labels",
      "mode": "managed",
      "type": "digitalocean_tag",
      "name": "name",
      "provider": "provider[\"registry.terraform.io/digitalocean/digitalocean\"]",
      "instances": [
        {
          "index_key": 0,
          "schema_version": 0,
          "attributes": {
            "databases_count": 0,
            "droplets_count": 0,
            "id": "Name:-rtpengine",
            "images_count": 0,
            "name": "Name:-rtpengine",
            "total_resource_count": 0,
            "volume_snapshots_count": 0,
            "volumes_count": 0
          },
          "private": "bnVsbA=="
        }
      ]
    },
    {
      "module": "module.droplet_omlapp",
      "mode": "data",
      "type": "digitalocean_image",
      "name": "official",
      "provider": "provider[\"registry.terraform.io/digitalocean/digitalocean\"]",
      "instances": [
        {
          "index_key": 0,
          "schema_version": 0,
          "attributes": {
            "created": "2020-10-20T08:49:55Z",
            "description": "Ubuntu 18.04 x86 image",
            "distribution": "Ubuntu",
            "error_message": "",
            "id": 72061309,
            "image": "72061309",
            "min_disk_size": 15,
            "name": "18.04 (LTS) x64",
            "private": false,
            "regions": [
              "ams2",
              "ams3",
              "blr1",
              "fra1",
              "lon1",
              "nyc1",
              "nyc2",
              "nyc3",
              "sfo1",
              "sfo2",
              "sfo3",
              "sgp1",
              "tor1"
            ],
            "size_gigabytes": 0.34,
            "slug": "ubuntu-18-04-x64",
            "source": "user",
            "status": "available",
            "tags": [],
            "type": "snapshot"
          }
        }
      ]
    },
    {
      "module": "module.droplet_omlapp",
      "mode": "managed",
      "type": "digitalocean_floating_ip",
      "name": "main",
      "provider": "provider[\"registry.terraform.io/digitalocean/digitalocean\"]",
      "instances": [
        {
          "index_key": 0,
          "schema_version": 0,
          "attributes": {
            "droplet_id": null,
            "id": "45.55.110.189",
            "ip_address": "45.55.110.189",
            "region": "sfo1",
            "urn": "do:floatingip:45.55.110.189"
          },
          "private": "bnVsbA=="
        }
      ]
    },
    {
      "module": "module.droplet_omlapp",
      "mode": "managed",
      "type": "digitalocean_floating_ip_assignment",
      "name": "main",
      "provider": "provider[\"registry.terraform.io/digitalocean/digitalocean\"]",
      "instances": []
    },
    {
      "module": "module.droplet_omlapp",
      "mode": "managed",
      "type": "digitalocean_volume",
      "name": "main",
      "provider": "provider[\"registry.terraform.io/digitalocean/digitalocean\"]",
      "instances": []
    },
    {
      "module": "module.droplet_omlapp",
      "mode": "managed",
      "type": "digitalocean_volume_attachment",
      "name": "main",
      "provider": "provider[\"registry.terraform.io/digitalocean/digitalocean\"]",
      "instances": []
    },
    {
      "module": "module.droplet_omlapp.module.labels",
      "mode": "managed",
      "type": "digitalocean_tag",
      "name": "application",
      "provider": "provider[\"registry.terraform.io/digitalocean/digitalocean\"]",
      "instances": [
        {
          "index_key": 0,
          "schema_version": 0,
          "attributes": {
            "databases_count": 0,
            "droplets_count": 0,
            "id": "Application:-omlapp",
            "images_count": 0,
            "name": "Application:-omlapp",
            "total_resource_count": 0,
            "volume_snapshots_count": 0,
            "volumes_count": 0
          },
          "private": "bnVsbA=="
        }
      ]
    },
    {
      "module": "module.droplet_omlapp.module.labels",
      "mode": "managed",
      "type": "digitalocean_tag",
      "name": "createdby",
      "provider": "provider[\"registry.terraform.io/digitalocean/digitalocean\"]",
      "instances": [
        {
          "index_key": 0,
          "schema_version": 0,
          "attributes": {
            "databases_count": 0,
            "droplets_count": 0,
            "id": "Createdby:-terraform",
            "images_count": 0,
            "name": "Createdby:-terraform",
            "total_resource_count": 0,
            "volume_snapshots_count": 0,
            "volumes_count": 0
          },
          "private": "bnVsbA=="
        }
      ]
    },
    {
      "module": "module.droplet_omlapp.module.labels",
      "mode": "managed",
      "type": "digitalocean_tag",
      "name": "environment",
      "provider": "provider[\"registry.terraform.io/digitalocean/digitalocean\"]",
      "instances": [
        {
          "index_key": 0,
          "schema_version": 0,
          "attributes": {
            "databases_count": 0,
            "droplets_count": 0,
            "id": "Environment:-dev",
            "images_count": 0,
            "name": "Environment:-dev",
            "total_resource_count": 0,
            "volume_snapshots_count": 0,
            "volumes_count": 0
          },
          "private": "bnVsbA=="
        }
      ]
    },
    {
      "module": "module.droplet_omlapp.module.labels",
      "mode": "managed",
      "type": "digitalocean_tag",
      "name": "id",
      "provider": "provider[\"registry.terraform.io/digitalocean/digitalocean\"]",
      "instances": [
        {
          "index_key": 0,
          "schema_version": 0,
          "attributes": {
            "databases_count": 0,
            "droplets_count": 0,
            "id": "dev-omlapp-omlapp",
            "images_count": 0,
            "name": "dev-omlapp-omlapp",
            "total_resource_count": 0,
            "volume_snapshots_count": 0,
            "volumes_count": 0
          },
          "private": "bnVsbA=="
        }
      ]
    },
    {
      "module": "module.droplet_omlapp.module.labels",
      "mode": "managed",
      "type": "digitalocean_tag",
      "name": "managedby",
      "provider": "provider[\"registry.terraform.io/digitalocean/digitalocean\"]",
      "instances": [
        {
          "index_key": 0,
          "schema_version": 0,
          "attributes": {
            "databases_count": 0,
            "droplets_count": 0,
            "id": "Managedby:-CloudDrove",
            "images_count": 0,
            "name": "Managedby:-CloudDrove",
            "total_resource_count": 0,
            "volume_snapshots_count": 0,
            "volumes_count": 0
          },
          "private": "bnVsbA=="
        }
      ]
    },
    {
      "module": "module.droplet_omlapp.module.labels",
      "mode": "managed",
      "type": "digitalocean_tag",
      "name": "name",
      "provider": "provider[\"registry.terraform.io/digitalocean/digitalocean\"]",
      "instances": [
        {
          "index_key": 0,
          "schema_version": 0,
          "attributes": {
            "databases_count": 0,
            "droplets_count": 0,
            "id": "Name:-omlapp",
            "images_count": 0,
            "name": "Name:-omlapp",
            "total_resource_count": 0,
            "volume_snapshots_count": 0,
            "volumes_count": 0
          },
          "private": "bnVsbA=="
        }
      ]
    },
    {
      "module": "module.firewall",
      "mode": "managed",
      "type": "digitalocean_firewall",
      "name": "default",
      "provider": "provider[\"registry.terraform.io/digitalocean/digitalocean\"]",
      "instances": []
    },
    {
      "module": "module.firewall.module.labels",
      "mode": "managed",
      "type": "digitalocean_tag",
      "name": "application",
      "provider": "provider[\"registry.terraform.io/digitalocean/digitalocean\"]",
      "instances": [
        {
          "index_key": 0,
          "schema_version": 0,
          "attributes": {
            "databases_count": 0,
            "droplets_count": 0,
            "id": "Application:-omlapp",
            "images_count": 0,
            "name": "Application:-omlapp",
            "total_resource_count": 0,
            "volume_snapshots_count": 0,
            "volumes_count": 0
          },
          "private": "bnVsbA=="
        }
      ]
    },
    {
      "module": "module.firewall.module.labels",
      "mode": "managed",
      "type": "digitalocean_tag",
      "name": "createdby",
      "provider": "provider[\"registry.terraform.io/digitalocean/digitalocean\"]",
      "instances": [
        {
          "index_key": 0,
          "schema_version": 0,
          "attributes": {
            "databases_count": 0,
            "droplets_count": 0,
            "id": "Createdby:-terraform",
            "images_count": 0,
            "name": "Createdby:-terraform",
            "total_resource_count": 0,
            "volume_snapshots_count": 0,
            "volumes_count": 0
          },
          "private": "bnVsbA=="
        }
      ]
    },
    {
      "module": "module.firewall.module.labels",
      "mode": "managed",
      "type": "digitalocean_tag",
      "name": "environment",
      "provider": "provider[\"registry.terraform.io/digitalocean/digitalocean\"]",
      "instances": [
        {
          "index_key": 0,
          "schema_version": 0,
          "attributes": {
            "databases_count": 0,
            "droplets_count": 0,
            "id": "Environment:-dev",
            "images_count": 0,
            "name": "Environment:-dev",
            "total_resource_count": 0,
            "volume_snapshots_count": 0,
            "volumes_count": 0
          },
          "private": "bnVsbA=="
        }
      ]
    },
    {
      "module": "module.firewall.module.labels",
      "mode": "managed",
      "type": "digitalocean_tag",
      "name": "id",
      "provider": "provider[\"registry.terraform.io/digitalocean/digitalocean\"]",
      "instances": [
        {
          "index_key": 0,
          "schema_version": 0,
          "attributes": {
            "databases_count": 0,
            "droplets_count": 0,
            "id": "dev-omlapp-fwomlapp",
            "images_count": 0,
            "name": "dev-omlapp-fwomlapp",
            "total_resource_count": 0,
            "volume_snapshots_count": 0,
            "volumes_count": 0
          },
          "private": "bnVsbA=="
        }
      ]
    },
    {
      "module": "module.firewall.module.labels",
      "mode": "managed",
      "type": "digitalocean_tag",
      "name": "managedby",
      "provider": "provider[\"registry.terraform.io/digitalocean/digitalocean\"]",
      "instances": [
        {
          "index_key": 0,
          "schema_version": 0,
          "attributes": {
            "databases_count": 0,
            "droplets_count": 0,
            "id": "Managedby:-CloudDrove",
            "images_count": 0,
            "name": "Managedby:-CloudDrove",
            "total_resource_count": 0,
            "volume_snapshots_count": 0,
            "volumes_count": 0
          },
          "private": "bnVsbA=="
        }
      ]
    },
    {
      "module": "module.firewall.module.labels",
      "mode": "managed",
      "type": "digitalocean_tag",
      "name": "name",
      "provider": "provider[\"registry.terraform.io/digitalocean/digitalocean\"]",
      "instances": [
        {
          "index_key": 0,
          "schema_version": 0,
          "attributes": {
            "databases_count": 0,
            "droplets_count": 0,
            "id": "Name:-fwomlapp",
            "images_count": 0,
            "name": "Name:-fwomlapp",
            "total_resource_count": 0,
            "volume_snapshots_count": 0,
            "volumes_count": 0
          },
          "private": "bnVsbA=="
        }
      ]
    },
    {
      "module": "module.firewall_rtp",
      "mode": "managed",
      "type": "digitalocean_firewall",
      "name": "default",
      "provider": "provider[\"registry.terraform.io/digitalocean/digitalocean\"]",
      "instances": []
    },
    {
      "module": "module.firewall_rtp.module.labels",
      "mode": "managed",
      "type": "digitalocean_tag",
      "name": "application",
      "provider": "provider[\"registry.terraform.io/digitalocean/digitalocean\"]",
      "instances": [
        {
          "index_key": 0,
          "schema_version": 0,
          "attributes": {
            "databases_count": 0,
            "droplets_count": 0,
            "id": "Application:-omlapp",
            "images_count": 0,
            "name": "Application:-omlapp",
            "total_resource_count": 0,
            "volume_snapshots_count": 0,
            "volumes_count": 0
          },
          "private": "bnVsbA=="
        }
      ]
    },
    {
      "module": "module.firewall_rtp.module.labels",
      "mode": "managed",
      "type": "digitalocean_tag",
      "name": "createdby",
      "provider": "provider[\"registry.terraform.io/digitalocean/digitalocean\"]",
      "instances": [
        {
          "index_key": 0,
          "schema_version": 0,
          "attributes": {
            "databases_count": 0,
            "droplets_count": 0,
            "id": "Createdby:-terraform",
            "images_count": 0,
            "name": "Createdby:-terraform",
            "total_resource_count": 0,
            "volume_snapshots_count": 0,
            "volumes_count": 0
          },
          "private": "bnVsbA=="
        }
      ]
    },
    {
      "module": "module.firewall_rtp.module.labels",
      "mode": "managed",
      "type": "digitalocean_tag",
      "name": "environment",
      "provider": "provider[\"registry.terraform.io/digitalocean/digitalocean\"]",
      "instances": [
        {
          "index_key": 0,
          "schema_version": 0,
          "attributes": {
            "databases_count": 0,
            "droplets_count": 0,
            "id": "Environment:-dev",
            "images_count": 0,
            "name": "Environment:-dev",
            "total_resource_count": 0,
            "volume_snapshots_count": 0,
            "volumes_count": 0
          },
          "private": "bnVsbA=="
        }
      ]
    },
    {
      "module": "module.firewall_rtp.module.labels",
      "mode": "managed",
      "type": "digitalocean_tag",
      "name": "id",
      "provider": "provider[\"registry.terraform.io/digitalocean/digitalocean\"]",
      "instances": [
        {
          "index_key": 0,
          "schema_version": 0,
          "attributes": {
            "databases_count": 0,
            "droplets_count": 0,
            "id": "dev-omlapp-fwrtp",
            "images_count": 0,
            "name": "dev-omlapp-fwrtp",
            "total_resource_count": 0,
            "volume_snapshots_count": 0,
            "volumes_count": 0
          },
          "private": "bnVsbA=="
        }
      ]
    },
    {
      "module": "module.firewall_rtp.module.labels",
      "mode": "managed",
      "type": "digitalocean_tag",
      "name": "managedby",
      "provider": "provider[\"registry.terraform.io/digitalocean/digitalocean\"]",
      "instances": [
        {
          "index_key": 0,
          "schema_version": 0,
          "attributes": {
            "databases_count": 0,
            "droplets_count": 0,
            "id": "Managedby:-CloudDrove",
            "images_count": 0,
            "name": "Managedby:-CloudDrove",
            "total_resource_count": 0,
            "volume_snapshots_count": 0,
            "volumes_count": 0
          },
          "private": "bnVsbA=="
        }
      ]
    },
    {
      "module": "module.firewall_rtp.module.labels",
      "mode": "managed",
      "type": "digitalocean_tag",
      "name": "name",
      "provider": "provider[\"registry.terraform.io/digitalocean/digitalocean\"]",
      "instances": [
        {
          "index_key": 0,
          "schema_version": 0,
          "attributes": {
            "databases_count": 0,
            "droplets_count": 0,
            "id": "Name:-fwrtp",
            "images_count": 0,
            "name": "Name:-fwrtp",
            "total_resource_count": 0,
            "volume_snapshots_count": 0,
            "volumes_count": 0
          },
          "private": "bnVsbA=="
        }
      ]
    },
    {
      "module": "module.vpc",
      "mode": "managed",
      "type": "digitalocean_vpc",
      "name": "default",
      "provider": "provider[\"registry.terraform.io/digitalocean/digitalocean\"]",
      "instances": [
        {
          "index_key": 0,
          "schema_version": 0,
          "attributes": {
            "created_at": "2020-11-23 12:39:34 +0000 UTC",
            "default": false,
            "description": "VPC",
            "id": "949bccba-2d84-4ce3-a530-a9e537ed0904",
            "ip_range": "172.16.64.0/20",
            "name": "dev-omlapp-vpc",
            "region": "sfo1",
            "timeouts": null,
            "urn": "do:vpc:949bccba-2d84-4ce3-a530-a9e537ed0904"
          },
          "private": "eyJlMmJmYjczMC1lY2FhLTExZTYtOGY4OC0zNDM2M2JjN2M0YzAiOnsiZGVsZXRlIjoxMjAwMDAwMDAwMDB9fQ==",
          "dependencies": [
            "module.vpc.module.labels.digitalocean_tag.id"
          ]
        }
      ]
    },
    {
      "module": "module.vpc.module.labels",
      "mode": "managed",
      "type": "digitalocean_tag",
      "name": "application",
      "provider": "provider[\"registry.terraform.io/digitalocean/digitalocean\"]",
      "instances": [
        {
          "index_key": 0,
          "schema_version": 0,
          "attributes": {
            "databases_count": 0,
            "droplets_count": 0,
            "id": "Application:-omlapp",
            "images_count": 0,
            "name": "Application:-omlapp",
            "total_resource_count": 0,
            "volume_snapshots_count": 0,
            "volumes_count": 0
          },
          "private": "bnVsbA=="
        }
      ]
    },
    {
      "module": "module.vpc.module.labels",
      "mode": "managed",
      "type": "digitalocean_tag",
      "name": "createdby",
      "provider": "provider[\"registry.terraform.io/digitalocean/digitalocean\"]",
      "instances": [
        {
          "index_key": 0,
          "schema_version": 0,
          "attributes": {
            "databases_count": 0,
            "droplets_count": 0,
            "id": "Createdby:-terraform",
            "images_count": 0,
            "name": "Createdby:-terraform",
            "total_resource_count": 0,
            "volume_snapshots_count": 0,
            "volumes_count": 0
          },
          "private": "bnVsbA=="
        }
      ]
    },
    {
      "module": "module.vpc.module.labels",
      "mode": "managed",
      "type": "digitalocean_tag",
      "name": "environment",
      "provider": "provider[\"registry.terraform.io/digitalocean/digitalocean\"]",
      "instances": [
        {
          "index_key": 0,
          "schema_version": 0,
          "attributes": {
            "databases_count": 0,
            "droplets_count": 0,
            "id": "Environment:-dev",
            "images_count": 0,
            "name": "Environment:-dev",
            "total_resource_count": 0,
            "volume_snapshots_count": 0,
            "volumes_count": 0
          },
          "private": "bnVsbA=="
        }
      ]
    },
    {
      "module": "module.vpc.module.labels",
      "mode": "managed",
      "type": "digitalocean_tag",
      "name": "id",
      "provider": "provider[\"registry.terraform.io/digitalocean/digitalocean\"]",
      "instances": [
        {
          "index_key": 0,
          "schema_version": 0,
          "attributes": {
            "databases_count": 0,
            "droplets_count": 0,
            "id": "dev-omlapp-vpc",
            "images_count": 0,
            "name": "dev-omlapp-vpc",
            "total_resource_count": 0,
            "volume_snapshots_count": 0,
            "volumes_count": 0
          },
          "private": "bnVsbA=="
        }
      ]
    },
    {
      "module": "module.vpc.module.labels",
      "mode": "managed",
      "type": "digitalocean_tag",
      "name": "managedby",
      "provider": "provider[\"registry.terraform.io/digitalocean/digitalocean\"]",
      "instances": [
        {
          "index_key": 0,
          "schema_version": 0,
          "attributes": {
            "databases_count": 0,
            "droplets_count": 0,
            "id": "Managedby:-CloudDrove",
            "images_count": 0,
            "name": "Managedby:-CloudDrove",
            "total_resource_count": 0,
            "volume_snapshots_count": 0,
            "volumes_count": 0
          },
          "private": "bnVsbA=="
        }
      ]
    },
    {
      "module": "module.vpc.module.labels",
      "mode": "managed",
      "type": "digitalocean_tag",
      "name": "name",
      "provider": "provider[\"registry.terraform.io/digitalocean/digitalocean\"]",
      "instances": [
        {
          "index_key": 0,
          "schema_version": 0,
          "attributes": {
            "databases_count": 0,
            "droplets_count": 0,
            "id": "Name:-vpc",
            "images_count": 0,
            "name": "Name:-vpc",
            "total_resource_count": 0,
            "volume_snapshots_count": 0,
            "volumes_count": 0
          },
          "private": "bnVsbA=="
        }
      ]
    }
  ]
}
